
Microsoft Visual Studio Solution File, Format Version 12.00
# Visual Studio Version 17
VisualStudioVersion = 17.0.31903.59
MinimumVisualStudioVersion = 10.0.40219.1
Project("{FAE04EC0-301F-11D3-BF4B-00C04F79EFBC}") = "CustomerService", "CustomerService\CustomerService.csproj", "{A85A41BA-B039-442A-8D6D-19C4A0943F81}"
EndProject
Global
	GlobalSection(SolutionConfigurationPlatforms) = preSolution
		Debug|Any CPU = Debug|Any CPU
		Release|Any CPU = Release|Any CPU
	EndGlobalSection
	GlobalSection(SolutionProperties) = preSolution
		HideSolutionNode = FALSE
	EndGlobalSection
	GlobalSection(ProjectConfigurationPlatforms) = postSolution
		{A85A41BA-B039-442A-8D6D-19C4A0943F81}.Debug|Any CPU.ActiveCfg = Debug|Any CPU
		{A85A41BA-B039-442A-8D6D-19C4A0943F81}.Debug|Any CPU.Build.0 = Debug|Any CPU
		{A85A41BA-B039-442A-8D6D-19C4A0943F81}.Release|Any CPU.ActiveCfg = Release|Any CPU
		{A85A41BA-B039-442A-8D6D-19C4A0943F81}.Release|Any CPU.Build.0 = Release|Any CPU
	EndGlobalSection
EndGlobal
